// !$*UTF8*$!
{
	archiveVersion = 1;
	classes = {
	};
	objectVersion = 48;
	objects = {

/* Begin PBXBuildFile section */
		2CEBF31B1FFA2DA400BC719A /* AppDelegate.swift in Sources */ = {isa = PBXBuildFile; fileRef = 2CEBF31A1FFA2DA400BC719A /* AppDelegate.swift */; };
		2CEBF31D1FFA2DA400BC719A /* ViewController.swift in Sources */ = {isa = PBXBuildFile; fileRef = 2CEBF31C1FFA2DA400BC719A /* ViewController.swift */; };
		2CEBF3201FFA2DA400BC719A /* Main.storyboard in Resources */ = {isa = PBXBuildFile; fileRef = 2CEBF31E1FFA2DA400BC719A /* Main.storyboard */; };
		2CEBF3231FFA2DA400BC719A /* CoreDataMigration.xcdatamodeld in Sources */ = {isa = PBXBuildFile; fileRef = 2CEBF3211FFA2DA400BC719A /* CoreDataMigration.xcdatamodeld */; };
		2CEBF3251FFA2DA400BC719A /* Assets.xcassets in Resources */ = {isa = PBXBuildFile; fileRef = 2CEBF3241FFA2DA400BC719A /* Assets.xcassets */; };
		2CEBF3281FFA2DA400BC719A /* LaunchScreen.storyboard in Resources */ = {isa = PBXBuildFile; fileRef = 2CEBF3261FFA2DA400BC719A /* LaunchScreen.storyboard */; };
		2CEBF3301FFA2E1B00BC719A /* CoreDataManager.swift in Sources */ = {isa = PBXBuildFile; fileRef = 2CEBF32F1FFA2E1B00BC719A /* CoreDataManager.swift */; };
		2CEBF3321FFA32A500BC719A /* CoreDataBusinessLogic.swift in Sources */ = {isa = PBXBuildFile; fileRef = 2CEBF3311FFA32A500BC719A /* CoreDataBusinessLogic.swift */; };
		2CEBF3341FFA401600BC719A /* CoreDataHandler.swift in Sources */ = {isa = PBXBuildFile; fileRef = 2CEBF3331FFA401600BC719A /* CoreDataHandler.swift */; };
		2CEBF3381FFA459900BC719A /* CoreDataMigrationClient.xcdatamodeld in Sources */ = {isa = PBXBuildFile; fileRef = 2CEBF3351FFA453B00BC719A /* CoreDataMigrationClient.xcdatamodeld */; };
/* End PBXBuildFile section */

/* Begin PBXFileReference section */
		2CEBF3171FFA2DA400BC719A /* CoreDataMigration.app */ = {isa = PBXFileReference; explicitFileType = wrapper.application; includeInIndex = 0; path = CoreDataMigration.app; sourceTree = BUILT_PRODUCTS_DIR; };
		2CEBF31A1FFA2DA400BC719A /* AppDelegate.swift */ = {isa = PBXFileReference; lastKnownFileType = sourcecode.swift; path = AppDelegate.swift; sourceTree = "<group>"; };
		2CEBF31C1FFA2DA400BC719A /* ViewController.swift */ = {isa = PBXFileReference; lastKnownFileType = sourcecode.swift; path = ViewController.swift; sourceTree = "<group>"; };
		2CEBF31F1FFA2DA400BC719A /* Base */ = {isa = PBXFileReference; lastKnownFileType = file.storyboard; name = Base; path = Base.lproj/Main.storyboard; sourceTree = "<group>"; };
		2CEBF3221FFA2DA400BC719A /* CoreDataMigration.xcdatamodel */ = {isa = PBXFileReference; lastKnownFileType = wrapper.xcdatamodel; path = CoreDataMigration.xcdatamodel; sourceTree = "<group>"; };
		2CEBF3241FFA2DA400BC719A /* Assets.xcassets */ = {isa = PBXFileReference; lastKnownFileType = folder.assetcatalog; path = Assets.xcassets; sourceTree = "<group>"; };
		2CEBF3271FFA2DA400BC719A /* Base */ = {isa = PBXFileReference; lastKnownFileType = file.storyboard; name = Base; path = Base.lproj/LaunchScreen.storyboard; sourceTree = "<group>"; };
		2CEBF3291FFA2DA400BC719A /* Info.plist */ = {isa = PBXFileReference; lastKnownFileType = text.plist.xml; path = Info.plist; sourceTree = "<group>"; };
		2CEBF32F1FFA2E1B00BC719A /* CoreDataManager.swift */ = {isa = PBXFileReference; fileEncoding = 4; lastKnownFileType = sourcecode.swift; path = CoreDataManager.swift; sourceTree = "<group>"; };
		2CEBF3311FFA32A500BC719A /* CoreDataBusinessLogic.swift */ = {isa = PBXFileReference; lastKnownFileType = sourcecode.swift; path = CoreDataBusinessLogic.swift; sourceTree = "<group>"; };
		2CEBF3331FFA401600BC719A /* CoreDataHandler.swift */ = {isa = PBXFileReference; lastKnownFileType = sourcecode.swift; path = CoreDataHandler.swift; sourceTree = "<group>"; };
		2CEBF3361FFA453B00BC719A /* CoreDataMigrationClient.xcdatamodel */ = {isa = PBXFileReference; lastKnownFileType = wrapper.xcdatamodel; path = CoreDataMigrationClient.xcdatamodel; sourceTree = "<group>"; };
/* End PBXFileReference section */

/* Begin PBXFrameworksBuildPhase section */
		2CEBF3141FFA2DA400BC719A /* Frameworks */ = {
			isa = PBXFrameworksBuildPhase;
			buildActionMask = 2147483647;
			files = (
			);
			runOnlyForDeploymentPostprocessing = 0;
		};
/* End PBXFrameworksBuildPhase section */

/* Begin PBXGroup section */
		2CEBF30E1FFA2DA400BC719A = {
			isa = PBXGroup;
			children = (
				2CEBF3191FFA2DA400BC719A /* CoreDataMigration */,
				2CEBF3181FFA2DA400BC719A /* Products */,
			);
			sourceTree = "<group>";
		};
		2CEBF3181FFA2DA400BC719A /* Products */ = {
			isa = PBXGroup;
			children = (
				2CEBF3171FFA2DA400BC719A /* CoreDataMigration.app */,
			);
			name = Products;
			sourceTree = "<group>";
		};
		2CEBF3191FFA2DA400BC719A /* CoreDataMigration */ = {
			isa = PBXGroup;
			children = (
				2CEBF31A1FFA2DA400BC719A /* AppDelegate.swift */,
				2CEBF31C1FFA2DA400BC719A /* ViewController.swift */,
				2CEBF32F1FFA2E1B00BC719A /* CoreDataManager.swift */,
				2CEBF3331FFA401600BC719A /* CoreDataHandler.swift */,
				2CEBF3311FFA32A500BC719A /* CoreDataBusinessLogic.swift */,
				2CEBF31E1FFA2DA400BC719A /* Main.storyboard */,
				2CEBF3241FFA2DA400BC719A /* Assets.xcassets */,
				2CEBF3261FFA2DA400BC719A /* LaunchScreen.storyboard */,
				2CEBF3291FFA2DA400BC719A /* Info.plist */,
				2CEBF3211FFA2DA400BC719A /* CoreDataMigration.xcdatamodeld */,
				2CEBF3351FFA453B00BC719A /* CoreDataMigrationClient.xcdatamodeld */,
			);
			path = CoreDataMigration;
			sourceTree = "<group>";
		};
/* End PBXGroup section */

/* Begin PBXNativeTarget section */
		2CEBF3161FFA2DA400BC719A /* CoreDataMigration */ = {
			isa = PBXNativeTarget;
			buildConfigurationList = 2CEBF32C1FFA2DA400BC719A /* Build configuration list for PBXNativeTarget "CoreDataMigration" */;
			buildPhases = (
				2CEBF3131FFA2DA400BC719A /* Sources */,
				2CEBF3141FFA2DA400BC719A /* Frameworks */,
				2CEBF3151FFA2DA400BC719A /* Resources */,
			);
			buildRules = (
			);
			dependencies = (
			);
			name = CoreDataMigration;
			productName = CoreDataMigration;
			productReference = 2CEBF3171FFA2DA400BC719A /* CoreDataMigration.app */;
			productType = "com.apple.product-type.application";
		};
/* End PBXNativeTarget section */

/* Begin PBXProject section */
		2CEBF30F1FFA2DA400BC719A /* Project object */ = {
			isa = PBXProject;
			attributes = {
				LastSwiftUpdateCheck = 0900;
				LastUpgradeCheck = 0900;
				ORGANIZATIONNAME = Infostretch;
				TargetAttributes = {
					2CEBF3161FFA2DA400BC719A = {
						CreatedOnToolsVersion = 9.0;
						ProvisioningStyle = Automatic;
					};
				};
			};
			buildConfigurationList = 2CEBF3121FFA2DA400BC719A /* Build configuration list for PBXProject "CoreDataMigration" */;
			compatibilityVersion = "Xcode 8.0";
			developmentRegion = en;
			hasScannedForEncodings = 0;
			knownRegions = (
				en,
				Base,
			);
			mainGroup = 2CEBF30E1FFA2DA400BC719A;
			productRefGroup = 2CEBF3181FFA2DA400BC719A /* Products */;
			projectDirPath = "";
			projectRoot = "";
			targets = (
				2CEBF3161FFA2DA400BC719A /* CoreDataMigration */,
			);
		};
/* End PBXProject section */

/* Begin PBXResourcesBuildPhase section */
		2CEBF3151FFA2DA400BC719A /* Resources */ = {
			isa = PBXResourcesBuildPhase;
			buildActionMask = 2147483647;
			files = (
				2CEBF3281FFA2DA400BC719A /* LaunchScreen.storyboard in Resources */,
				2CEBF3251FFA2DA400BC719A /* Assets.xcassets in Resources */,
				2CEBF3201FFA2DA400BC719A /* Main.storyboard in Resources */,
			);
			runOnlyForDeploymentPostprocessing = 0;
		};
/* End PBXResourcesBuildPhase section */

/* Begin PBXSourcesBuildPhase section */
		2CEBF3131FFA2DA400BC719A /* Sources */ = {
			isa = PBXSourcesBuildPhase;
			buildActionMask = 2147483647;
			files = (
				2CEBF31D1FFA2DA400BC719A /* ViewController.swift in Sources */,
				2CEBF3341FFA401600BC719A /* CoreDataHandler.swift in Sources */,
				2CEBF3231FFA2DA400BC719A /* CoreDataMigration.xcdatamodeld in Sources */,
				2CEBF3321FFA32A500BC719A /* CoreDataBusinessLogic.swift in Sources */,
				2CEBF3381FFA459900BC719A /* CoreDataMigrationClient.xcdatamodeld in Sources */,
				2CEBF3301FFA2E1B00BC719A /* CoreDataManager.swift in Sources */,
				2CEBF31B1FFA2DA400BC719A /* AppDelegate.swift in Sources */,
			);
			runOnlyForDeploymentPostprocessing = 0;
		};
/* End PBXSourcesBuildPhase section */

/* Begin PBXVariantGroup section */
		2CEBF31E1FFA2DA400BC719A /* Main.storyboard */ = {
			isa = PBXVariantGroup;
			children = (
				2CEBF31F1FFA2DA400BC719A /* Base */,
			);
			name = Main.storyboard;
			sourceTree = "<group>";
		};
		2CEBF3261FFA2DA400BC719A /* LaunchScreen.storyboard */ = {
			isa = PBXVariantGroup;
			children = (
				2CEBF3271FFA2DA400BC719A /* Base */,
			);
			name = LaunchScreen.storyboard;
			sourceTree = "<group>";
		};
/* End PBXVariantGroup section */

/* Begin XCBuildConfiguration section */
		2CEBF32A1FFA2DA400BC719A /* Debug */ = {
			isa = XCBuildConfiguration;
			buildSettings = {
				ALWAYS_SEARCH_USER_PATHS = NO;
				CLANG_ANALYZER_NONNULL = YES;
				CLANG_ANALYZER_NUMBER_OBJECT_CONVERSION = YES_AGGRESSIVE;
				CLANG_CXX_LANGUAGE_STANDARD = "gnu++14";
				CLANG_CXX_LIBRARY = "libc++";
				CLANG_ENABLE_MODULES = YES;
				CLANG_ENABLE_OBJC_ARC = YES;
				CLANG_WARN_BLOCK_CAPTURE_AUTORELEASING = YES;
				CLANG_WARN_BOOL_CONVERSION = YES;
				CLANG_WARN_COMMA = YES;
				CLANG_WARN_CONSTANT_CONVERSION = YES;
				CLANG_WARN_DIRECT_OBJC_ISA_USAGE = YES_ERROR;
				CLANG_WARN_DOCUMENTATION_COMMENTS = YES;
				CLANG_WARN_EMPTY_BODY = YES;
				CLANG_WARN_ENUM_CONVERSION = YES;
				CLANG_WARN_INFINITE_RECURSION = YES;
				CLANG_WARN_INT_CONVERSION = YES;
				CLANG_WARN_NON_LITERAL_NULL_CONVERSION = YES;
				CLANG_WARN_OBJC_LITERAL_CONVERSION = YES;
				CLANG_WARN_OBJC_ROOT_CLASS = YES_ERROR;
				CLANG_WARN_RANGE_LOOP_ANALYSIS = YES;
				CLANG_WARN_STRICT_PROTOTYPES = YES;
				CLANG_WARN_SUSPICIOUS_MOVE = YES;
				CLANG_WARN_UNGUARDED_AVAILABILITY = YES_AGGRESSIVE;
				CLANG_WARN_UNREACHABLE_CODE = YES;
				CLANG_WARN__DUPLICATE_METHOD_MATCH = YES;
				CODE_SIGN_IDENTITY = "iPhone Developer";
				COPY_PHASE_STRIP = NO;
				DEBUG_INFORMATION_FORMAT = dwarf;
				ENABLE_STRICT_OBJC_MSGSEND = YES;
				ENABLE_TESTABILITY = YES;
				GCC_C_LANGUAGE_STANDARD = gnu11;
				GCC_DYNAMIC_NO_PIC = NO;
				GCC_NO_COMMON_BLOCKS = YES;
				GCC_OPTIMIZATION_LEVEL = 0;
				GCC_PREPROCESSOR_DEFINITIONS = (
					"DEBUG=1",
					"$(inherited)",
				);
				GCC_WARN_64_TO_32_BIT_CONVERSION = YES;
				GCC_WARN_ABOUT_RETURN_TYPE = YES_ERROR;
				GCC_WARN_UNDECLARED_SELECTOR = YES;
				GCC_WARN_UNINITIALIZED_AUTOS = YES_AGGRESSIVE;
				GCC_WARN_UNUSED_FUNCTION = YES;
				GCC_WARN_UNUSED_VARIABLE = YES;
				IPHONEOS_DEPLOYMENT_TARGET = 11.0;
				MTL_ENABLE_DEBUG_INFO = YES;
				ONLY_ACTIVE_ARCH = YES;
				SDKROOT = iphoneos;
				SWIFT_ACTIVE_COMPILATION_CONDITIONS = DEBUG;
				SWIFT_OPTIMIZATION_LEVEL = "-Onone";
			};
			name = Debug;
		};
		2CEBF32B1FFA2DA400BC719A /* Release */ = {
			isa = XCBuildConfiguration;
			buildSettings = {
				ALWAYS_SEARCH_USER_PATHS = NO;
				CLANG_ANALYZER_NONNULL = YES;
				CLANG_ANALYZER_NUMBER_OBJECT_CONVERSION = YES_AGGRESSIVE;
				CLANG_CXX_LANGUAGE_STANDARD = "gnu++14";
				CLANG_CXX_LIBRARY = "libc++";
				CLANG_ENABLE_MODULES = YES;
				CLANG_ENABLE_OBJC_ARC = YES;
				CLANG_WARN_BLOCK_CAPTURE_AUTORELEASING = YES;
				CLANG_WARN_BOOL_CONVERSION = YES;
				CLANG_WARN_COMMA = YES;
				CLANG_WARN_CONSTANT_CONVERSION = YES;
				CLANG_WARN_DIRECT_OBJC_ISA_USAGE = YES_ERROR;
				CLANG_WARN_DOCUMENTATION_COMMENTS = YES;
				CLANG_WARN_EMPTY_BODY = YES;
				CLANG_WARN_ENUM_CONVERSION = YES;
				CLANG_WARN_INFINITE_RECURSION = YES;
				CLANG_WARN_INT_CONVERSION = YES;
				CLANG_WARN_NON_LITERAL_NULL_CONVERSION = YES;
				CLANG_WARN_OBJC_LITERAL_CONVERSION = YES;
				CLANG_WARN_OBJC_ROOT_CLASS = YES_ERROR;
				CLANG_WARN_RANGE_LOOP_ANALYSIS = YES;
				CLANG_WARN_STRICT_PROTOTYPES = YES;
				CLANG_WARN_SUSPICIOUS_MOVE = YES;
				CLANG_WARN_UNGUARDED_AVAILABILITY = YES_AGGRESSIVE;
				CLANG_WARN_UNREACHABLE_CODE = YES;
				CLANG_WARN__DUPLICATE_METHOD_MATCH = YES;
				CODE_SIGN_IDENTITY = "iPhone Developer";
				COPY_PHASE_STRIP = NO;
				DEBUG_INFORMATION_FORMAT = "dwarf-with-dsym";
				ENABLE_NS_ASSERTIONS = NO;
				ENABLE_STRICT_OBJC_MSGSEND = YES;
				GCC_C_LANGUAGE_STANDARD = gnu11;
				GCC_NO_COMMON_BLOCKS = YES;
				GCC_WARN_64_TO_32_BIT_CONVERSION = YES;
				GCC_WARN_ABOUT_RETURN_TYPE = YES_ERROR;
				GCC_WARN_UNDECLARED_SELECTOR = YES;
				GCC_WARN_UNINITIALIZED_AUTOS = YES_AGGRESSIVE;
				GCC_WARN_UNUSED_FUNCTION = YES;
				GCC_WARN_UNUSED_VARIABLE = YES;
				IPHONEOS_DEPLOYMENT_TARGET = 11.0;
				MTL_ENABLE_DEBUG_INFO = NO;
				SDKROOT = iphoneos;
				SWIFT_OPTIMIZATION_LEVEL = "-Owholemodule";
				VALIDATE_PRODUCT = YES;
			};
			name = Release;
		};
		2CEBF32D1FFA2DA400BC719A /* Debug */ = {
			isa = XCBuildConfiguration;
			buildSettings = {
				ASSETCATALOG_COMPILER_APPICON_NAME = AppIcon;
				CODE_SIGN_STYLE = Automatic;
				INFOPLIST_FILE = CoreDataMigration/Info.plist;
				LD_RUNPATH_SEARCH_PATHS = "$(inherited) @executable_path/Frameworks";
				PRODUCT_BUNDLE_IDENTIFIER = Pankaj.CoreDataMigration;
				PRODUCT_NAME = "$(TARGET_NAME)";
				SWIFT_VERSION = 4.0;
				TARGETED_DEVICE_FAMILY = "1,2";
			};
			name = Debug;
		};
		2CEBF32E1FFA2DA400BC719A /* Release */ = {
			isa = XCBuildConfiguration;
			buildSettings = {
				ASSETCATALOG_COMPILER_APPICON_NAME = AppIcon;
				CODE_SIGN_STYLE = Automatic;
				INFOPLIST_FILE = CoreDataMigration/Info.plist;
				LD_RUNPATH_SEARCH_PATHS = "$(inherited) @executable_path/Frameworks";
				PRODUCT_BUNDLE_IDENTIFIER = Pankaj.CoreDataMigration;
				PRODUCT_NAME = "$(TARGET_NAME)";
				SWIFT_VERSION = 4.0;
				TARGETED_DEVICE_FAMILY = "1,2";
			};
			name = Release;
		};
/* End XCBuildConfiguration section */

/* Begin XCConfigurationList section */
		2CEBF3121FFA2DA400BC719A /* Build configuration list for PBXProject "CoreDataMigration" */ = {
			isa = XCConfigurationList;
			buildConfigurations = (
				2CEBF32A1FFA2DA400BC719A /* Debug */,
				2CEBF32B1FFA2DA400BC719A /* Release */,
			);
			defaultConfigurationIsVisible = 0;
			defaultConfigurationName = Release;
		};
		2CEBF32C1FFA2DA400BC719A /* Build configuration list for PBXNativeTarget "CoreDataMigration" */ = {
			isa = XCConfigurationList;
			buildConfigurations = (
				2CEBF32D1FFA2DA400BC719A /* Debug */,
				2CEBF32E1FFA2DA400BC719A /* Release */,
			);
			defaultConfigurationIsVisible = 0;
			defaultConfigurationName = Release;
		};
/* End XCConfigurationList section */

/* Begin XCVersionGroup section */
		2CEBF3211FFA2DA400BC719A /* CoreDataMigration.xcdatamodeld */ = {
			isa = XCVersionGroup;
			children = (
				2CEBF3221FFA2DA400BC719A /* CoreDataMigration.xcdatamodel */,
			);
			currentVersion = 2CEBF3221FFA2DA400BC719A /* CoreDataMigration.xcdatamodel */;
			path = CoreDataMigration.xcdatamodeld;
			sourceTree = "<group>";
			versionGroupType = wrapper.xcdatamodel;
		};
		2CEBF3351FFA453B00BC719A /* CoreDataMigrationClient.xcdatamodeld */ = {
			isa = XCVersionGroup;
			children = (
				2CEBF3361FFA453B00BC719A /* CoreDataMigrationClient.xcdatamodel */,
			);
			currentVersion = 2CEBF3361FFA453B00BC719A /* CoreDataMigrationClient.xcdatamodel */;
			path = CoreDataMigrationClient.xcdatamodeld;
			sourceTree = "<group>";
			versionGroupType = wrapper.xcdatamodel;
		};
/* End XCVersionGroup section */
	};
	rootObject = 2CEBF30F1FFA2DA400BC719A /* Project object */;
}
